
Microsoft Visual Studio Solution File, Format Version 12.00
# Visual Studio Version 17
VisualStudioVersion = 17.8.34330.188
MinimumVisualStudioVersion = 10.0.40219.1
Project("{FAE04EC0-301F-11D3-BF4B-00C04F79EFBC}") = "AC10", "AC10.csproj", "{C437D5A9-9F97-49BD-AC29-EEA5FF5CC293}"
EndProject
Global
	GlobalSection(SolutionConfigurationPlatforms) = preSolution
		Debug|Any CPU = Debug|Any CPU
		Release|Any CPU = Release|Any CPU
	EndGlobalSection
	GlobalSection(ProjectConfigurationPlatforms) = postSolution
		{C437D5A9-9F97-49BD-AC29-EEA5FF5CC293}.Debug|Any CPU.ActiveCfg = Debug|Any CPU
		{C437D5A9-9F97-49BD-AC29-EEA5FF5CC293}.Debug|Any CPU.Build.0 = Debug|Any CPU
		{C437D5A9-9F97-49BD-AC29-EEA5FF5CC293}.Release|Any CPU.ActiveCfg = Release|Any CPU
		{C437D5A9-9F97-49BD-AC29-EEA5FF5CC293}.Release|Any CPU.Build.0 = Release|Any CPU
	EndGlobalSection
	GlobalSection(SolutionProperties) = preSolution
		HideSolutionNode = FALSE
	EndGlobalSection
	GlobalSection(ExtensibilityGlobals) = postSolution
		SolutionGuid = {7B5C739D-AC80-48D4-9C94-1894552557F1}
	EndGlobalSection
EndGlobal
